
Microsoft Visual Studio Solution File, Format Version 12.00
# Visual Studio Version 17
VisualStudioVersion = 17.2.32616.157
MinimumVisualStudioVersion = 10.0.40219.1
Project("{FAE04EC0-301F-11D3-BF4B-00C04F79EFBC}") = "BlazorECommerce.Server", "BlazorECommerce\Server\BlazorECommerce.Server.csproj", "{6CEFBA1E-547B-431E-A63F-D7158C6FA857}"
EndProject
Project("{FAE04EC0-301F-11D3-BF4B-00C04F79EFBC}") = "BlazorECommerce.Client", "BlazorECommerce\Client\BlazorECommerce.Client.csproj", "{FB32565E-85AF-443F-9EF7-076C287FB231}"
EndProject
Project("{FAE04EC0-301F-11D3-BF4B-00C04F79EFBC}") = "BlazorECommerce.Shared", "BlazorECommerce\Shared\BlazorECommerce.Shared.csproj", "{B706A1C9-F36C-4366-BE17-2AEA65FDEB85}"
EndProject
Global
	GlobalSection(SolutionConfigurationPlatforms) = preSolution
		Debug|Any CPU = Debug|Any CPU
		Release|Any CPU = Release|Any CPU
	EndGlobalSection
	GlobalSection(ProjectConfigurationPlatforms) = postSolution
		{6CEFBA1E-547B-431E-A63F-D7158C6FA857}.Debug|Any CPU.ActiveCfg = Debug|Any CPU
		{6CEFBA1E-547B-431E-A63F-D7158C6FA857}.Debug|Any CPU.Build.0 = Debug|Any CPU
		{6CEFBA1E-547B-431E-A63F-D7158C6FA857}.Release|Any CPU.ActiveCfg = Release|Any CPU
		{6CEFBA1E-547B-431E-A63F-D7158C6FA857}.Release|Any CPU.Build.0 = Release|Any CPU
		{FB32565E-85AF-443F-9EF7-076C287FB231}.Debug|Any CPU.ActiveCfg = Debug|Any CPU
		{FB32565E-85AF-443F-9EF7-076C287FB231}.Debug|Any CPU.Build.0 = Debug|Any CPU
		{FB32565E-85AF-443F-9EF7-076C287FB231}.Release|Any CPU.ActiveCfg = Release|Any CPU
		{FB32565E-85AF-443F-9EF7-076C287FB231}.Release|Any CPU.Build.0 = Release|Any CPU
		{B706A1C9-F36C-4366-BE17-2AEA65FDEB85}.Debug|Any CPU.ActiveCfg = Debug|Any CPU
		{B706A1C9-F36C-4366-BE17-2AEA65FDEB85}.Debug|Any CPU.Build.0 = Debug|Any CPU
		{B706A1C9-F36C-4366-BE17-2AEA65FDEB85}.Release|Any CPU.ActiveCfg = Release|Any CPU
		{B706A1C9-F36C-4366-BE17-2AEA65FDEB85}.Release|Any CPU.Build.0 = Release|Any CPU
	EndGlobalSection
	GlobalSection(SolutionProperties) = preSolution
		HideSolutionNode = FALSE
	EndGlobalSection
	GlobalSection(ExtensibilityGlobals) = postSolution
		SolutionGuid = {01248DEF-8F99-42C3-84A2-2D144F38A8CC}
	EndGlobalSection
EndGlobal
